
Microsoft Visual Studio Solution File, Format Version 12.00
# Visual Studio Version 16
VisualStudioVersion = 16.0.31729.503
MinimumVisualStudioVersion = 10.0.40219.1
Project("{9A19103F-16F7-4668-BE54-9A1E7A4F7556}") = "APIStudy", "APIStudy.csproj", "{B9CC5D3A-EF75-46C8-9BEE-DBE64D3C99E1}"
EndProject
Project("{FAE04EC0-301F-11D3-BF4B-00C04F79EFBC}") = "SetupApi", "..\SetupApi\SetupApi.csproj", "{2C6A85E4-DCD6-4395-954C-5644ADB181B6}"
EndProject
Global
	GlobalSection(SolutionConfigurationPlatforms) = preSolution
		Debug|Any CPU = Debug|Any CPU
		Release|Any CPU = Release|Any CPU
	EndGlobalSection
	GlobalSection(ProjectConfigurationPlatforms) = postSolution
		{B9CC5D3A-EF75-46C8-9BEE-DBE64D3C99E1}.Debug|Any CPU.ActiveCfg = Debug|Any CPU
		{B9CC5D3A-EF75-46C8-9BEE-DBE64D3C99E1}.Debug|Any CPU.Build.0 = Debug|Any CPU
		{B9CC5D3A-EF75-46C8-9BEE-DBE64D3C99E1}.Release|Any CPU.ActiveCfg = Release|Any CPU
		{B9CC5D3A-EF75-46C8-9BEE-DBE64D3C99E1}.Release|Any CPU.Build.0 = Release|Any CPU
		{2C6A85E4-DCD6-4395-954C-5644ADB181B6}.Debug|Any CPU.ActiveCfg = Debug|Any CPU
		{2C6A85E4-DCD6-4395-954C-5644ADB181B6}.Debug|Any CPU.Build.0 = Debug|Any CPU
		{2C6A85E4-DCD6-4395-954C-5644ADB181B6}.Release|Any CPU.ActiveCfg = Release|Any CPU
		{2C6A85E4-DCD6-4395-954C-5644ADB181B6}.Release|Any CPU.Build.0 = Release|Any CPU
	EndGlobalSection
	GlobalSection(SolutionProperties) = preSolution
		HideSolutionNode = FALSE
	EndGlobalSection
	GlobalSection(ExtensibilityGlobals) = postSolution
		SolutionGuid = {33D586BC-C342-43BA-A303-7E1075E1FE57}
	EndGlobalSection
EndGlobal
